
Microsoft Visual Studio Solution File, Format Version 12.00
# Visual Studio 15
VisualStudioVersion = 15.0.26730.16
MinimumVisualStudioVersion = 10.0.40219.1
Project("{FAE04EC0-301F-11D3-BF4B-00C04F79EFBC}") = "SnakeGame", "SnakeGame.csproj", "{6BC1D780-26F8-4CB6-8AA7-384728D194BC}"
EndProject
Global
	GlobalSection(SolutionConfigurationPlatforms) = preSolution
		Debug|Any CPU = Debug|Any CPU
		Release|Any CPU = Release|Any CPU
	EndGlobalSection
	GlobalSection(ProjectConfigurationPlatforms) = postSolution
		{6BC1D780-26F8-4CB6-8AA7-384728D194BC}.Debug|Any CPU.ActiveCfg = Debug|Any CPU
		{6BC1D780-26F8-4CB6-8AA7-384728D194BC}.Debug|Any CPU.Build.0 = Debug|Any CPU
		{6BC1D780-26F8-4CB6-8AA7-384728D194BC}.Release|Any CPU.ActiveCfg = Release|Any CPU
		{6BC1D780-26F8-4CB6-8AA7-384728D194BC}.Release|Any CPU.Build.0 = Release|Any CPU
	EndGlobalSection
	GlobalSection(SolutionProperties) = preSolution
		HideSolutionNode = FALSE
	EndGlobalSection
	GlobalSection(ExtensibilityGlobals) = postSolution
		SolutionGuid = {14271EF3-C772-4B20-A26A-1C7EDD327FF4}
	EndGlobalSection
EndGlobal
